
Microsoft Visual Studio Solution File, Format Version 12.00
# Visual Studio 15
VisualStudioVersion = 15.0.27428.2015
MinimumVisualStudioVersion = 10.0.40219.1
Project("{FAE04EC0-301F-11D3-BF4B-00C04F79EFBC}") = "CookBook.DAL", "CookBook.DAL\CookBook.DAL.csproj", "{EB39FF08-E832-4013-8E42-5CC0E70D6562}"
EndProject
Project("{FAE04EC0-301F-11D3-BF4B-00C04F79EFBC}") = "CookBook.DAL.Tests", "CookBook.DAL.Tests\CookBook.DAL.Tests.csproj", "{EBC8CBCE-67F9-4191-A286-8AE6BB079BE9}"
EndProject
Project("{FAE04EC0-301F-11D3-BF4B-00C04F79EFBC}") = "CookBook.BL.Repository", "CookBook.BL.Repository\CookBook.BL.Repository.csproj", "{1026C3C0-8C02-427C-8454-F69D846A790D}"
EndProject
Project("{FAE04EC0-301F-11D3-BF4B-00C04F79EFBC}") = "CookBook.BL.Repository.Tests", "CookBook.BL.Repository.Tests\CookBook.BL.Repository.Tests.csproj", "{45A06BE6-60EF-4291-B746-9B2F45249582}"
EndProject
Project("{FAE04EC0-301F-11D3-BF4B-00C04F79EFBC}") = "CookBook.BL.Facades", "CookBook.BL.Facades\CookBook.BL.Facades.csproj", "{DDEC83AB-43E4-4D6B-B2A6-FBB3D8A95E2F}"
EndProject
Project("{FAE04EC0-301F-11D3-BF4B-00C04F79EFBC}") = "CookBook.Shared", "CookBook.Shared\CookBook.Shared.csproj", "{6917681D-C10A-4DB2-B454-DA91FFFBDB29}"
EndProject
Global
	GlobalSection(SolutionConfigurationPlatforms) = preSolution
		Debug|Any CPU = Debug|Any CPU
		Release|Any CPU = Release|Any CPU
	EndGlobalSection
	GlobalSection(ProjectConfigurationPlatforms) = postSolution
		{EB39FF08-E832-4013-8E42-5CC0E70D6562}.Debug|Any CPU.ActiveCfg = Debug|Any CPU
		{EB39FF08-E832-4013-8E42-5CC0E70D6562}.Debug|Any CPU.Build.0 = Debug|Any CPU
		{EB39FF08-E832-4013-8E42-5CC0E70D6562}.Release|Any CPU.ActiveCfg = Release|Any CPU
		{EB39FF08-E832-4013-8E42-5CC0E70D6562}.Release|Any CPU.Build.0 = Release|Any CPU
		{EBC8CBCE-67F9-4191-A286-8AE6BB079BE9}.Debug|Any CPU.ActiveCfg = Debug|Any CPU
		{EBC8CBCE-67F9-4191-A286-8AE6BB079BE9}.Debug|Any CPU.Build.0 = Debug|Any CPU
		{EBC8CBCE-67F9-4191-A286-8AE6BB079BE9}.Release|Any CPU.ActiveCfg = Release|Any CPU
		{EBC8CBCE-67F9-4191-A286-8AE6BB079BE9}.Release|Any CPU.Build.0 = Release|Any CPU
		{1026C3C0-8C02-427C-8454-F69D846A790D}.Debug|Any CPU.ActiveCfg = Debug|Any CPU
		{1026C3C0-8C02-427C-8454-F69D846A790D}.Debug|Any CPU.Build.0 = Debug|Any CPU
		{1026C3C0-8C02-427C-8454-F69D846A790D}.Release|Any CPU.ActiveCfg = Release|Any CPU
		{1026C3C0-8C02-427C-8454-F69D846A790D}.Release|Any CPU.Build.0 = Release|Any CPU
		{45A06BE6-60EF-4291-B746-9B2F45249582}.Debug|Any CPU.ActiveCfg = Debug|Any CPU
		{45A06BE6-60EF-4291-B746-9B2F45249582}.Debug|Any CPU.Build.0 = Debug|Any CPU
		{45A06BE6-60EF-4291-B746-9B2F45249582}.Release|Any CPU.ActiveCfg = Release|Any CPU
		{45A06BE6-60EF-4291-B746-9B2F45249582}.Release|Any CPU.Build.0 = Release|Any CPU
		{DDEC83AB-43E4-4D6B-B2A6-FBB3D8A95E2F}.Debug|Any CPU.ActiveCfg = Debug|Any CPU
		{DDEC83AB-43E4-4D6B-B2A6-FBB3D8A95E2F}.Debug|Any CPU.Build.0 = Debug|Any CPU
		{DDEC83AB-43E4-4D6B-B2A6-FBB3D8A95E2F}.Release|Any CPU.ActiveCfg = Release|Any CPU
		{DDEC83AB-43E4-4D6B-B2A6-FBB3D8A95E2F}.Release|Any CPU.Build.0 = Release|Any CPU
		{6917681D-C10A-4DB2-B454-DA91FFFBDB29}.Debug|Any CPU.ActiveCfg = Debug|Any CPU
		{6917681D-C10A-4DB2-B454-DA91FFFBDB29}.Debug|Any CPU.Build.0 = Debug|Any CPU
		{6917681D-C10A-4DB2-B454-DA91FFFBDB29}.Release|Any CPU.ActiveCfg = Release|Any CPU
		{6917681D-C10A-4DB2-B454-DA91FFFBDB29}.Release|Any CPU.Build.0 = Release|Any CPU
	EndGlobalSection
	GlobalSection(SolutionProperties) = preSolution
		HideSolutionNode = FALSE
	EndGlobalSection
	GlobalSection(ExtensibilityGlobals) = postSolution
		SolutionGuid = {94403EF0-4E98-4DBA-A3CD-CAE6A7BCCBC1}
	EndGlobalSection
EndGlobal
